
Microsoft Visual Studio Solution File, Format Version 12.00
# Visual Studio Version 17
VisualStudioVersion = 17.5.33103.201
MinimumVisualStudioVersion = 10.0.40219.1
Project("{9A19103F-16F7-4668-BE54-9A1E7A4F7556}") = "EmptyBlazorApp1", "EmptyBlazorApp1.csproj", "{9B62FA0C-474D-4EB7-99D5-D88D9BB86F29}"
EndProject
Global
	GlobalSection(SolutionConfigurationPlatforms) = preSolution
		Debug|Any CPU = Debug|Any CPU
		Release|Any CPU = Release|Any CPU
	EndGlobalSection
	GlobalSection(ProjectConfigurationPlatforms) = postSolution
		{9B62FA0C-474D-4EB7-99D5-D88D9BB86F29}.Debug|Any CPU.ActiveCfg = Debug|Any CPU
		{9B62FA0C-474D-4EB7-99D5-D88D9BB86F29}.Debug|Any CPU.Build.0 = Debug|Any CPU
		{9B62FA0C-474D-4EB7-99D5-D88D9BB86F29}.Release|Any CPU.ActiveCfg = Release|Any CPU
		{9B62FA0C-474D-4EB7-99D5-D88D9BB86F29}.Release|Any CPU.Build.0 = Release|Any CPU
	EndGlobalSection
	GlobalSection(SolutionProperties) = preSolution
		HideSolutionNode = FALSE
	EndGlobalSection
	GlobalSection(ExtensibilityGlobals) = postSolution
		SolutionGuid = {163B260D-AC44-4F1B-B20A-133AA6972EBD}
	EndGlobalSection
EndGlobal
